
Microsoft Visual Studio Solution File, Format Version 12.00
# Visual Studio Version 17
VisualStudioVersion = 17.13.35806.99 d17.13
MinimumVisualStudioVersion = 10.0.40219.1
Project("{F2A71F9B-5D33-465A-A702-920D77279786}") = "Лаба 4 -1", "Лаба 4 -1\Лаба 4 -1.fsproj", "{C8B118E4-7FC9-4812-8FEC-E40E843D4AEF}"
EndProject
Global
	GlobalSection(SolutionConfigurationPlatforms) = preSolution
		Debug|Any CPU = Debug|Any CPU
		Release|Any CPU = Release|Any CPU
	EndGlobalSection
	GlobalSection(ProjectConfigurationPlatforms) = postSolution
		{C8B118E4-7FC9-4812-8FEC-E40E843D4AEF}.Debug|Any CPU.ActiveCfg = Debug|Any CPU
		{C8B118E4-7FC9-4812-8FEC-E40E843D4AEF}.Debug|Any CPU.Build.0 = Debug|Any CPU
		{C8B118E4-7FC9-4812-8FEC-E40E843D4AEF}.Release|Any CPU.ActiveCfg = Release|Any CPU
		{C8B118E4-7FC9-4812-8FEC-E40E843D4AEF}.Release|Any CPU.Build.0 = Release|Any CPU
	EndGlobalSection
	GlobalSection(SolutionProperties) = preSolution
		HideSolutionNode = FALSE
	EndGlobalSection
	GlobalSection(ExtensibilityGlobals) = postSolution
		SolutionGuid = {12592476-1FF9-4DCD-A873-B4817FB55098}
	EndGlobalSection
EndGlobal
